<?xml version="1.0" encoding="utf-8"?>
<Project ToolsVersion="4.0" xmlns="http://schemas.microsoft.com/developer/msbuild/2003">
  <ItemGroup>
    <Filter Include="소스 파일">
      <UniqueIdentifier>{4FC737F1-C7A5-4376-A066-2A32D752A2FF}</UniqueIdentifier>
      <Extensions>cpp;c;cc;cxx;c++;cppm;ixx;def;odl;idl;hpj;bat;asm;asmx</Extensions>
    </Filter>
    <Filter Include="헤더 파일">
      <UniqueIdentifier>{93995380-89BD-4b04-88EB-625FBE52EBFB}</UniqueIdentifier>
      <Extensions>h;hh;hpp;hxx;h++;hm;inl;inc;ipp;xsd</Extensions>
    </Filter>
    <Filter Include="리소스 파일">
      <UniqueIdentifier>{67DA6AB6-F800-4c08-8B7A-83BB121AAD01}</UniqueIdentifier>
      <Extensions>rc;ico;cur;bmp;dlg;rc2;rct;bin;rgs;gif;jpg;jpeg;jpe;resx;tiff;tif;png;wav;mfcribbon-ms</Extensions>
    </Filter>
  </ItemGroup>
  <ItemGroup>
    <ClCompile Include="96_operator+.cpp">
      <Filter>소스 파일</Filter>
    </ClCompile>
    <ClCompile Include="97_operator+_2.cpp">
      <Filter>소스 파일</Filter>
    </ClCompile>
    <ClCompile Include="98_FirstOperatorOverloading.cpp">
      <Filter>소스 파일</Filter>
    </ClCompile>
    <ClCompile Include="99_GFunctionOverloading.cpp">
      <Filter>소스 파일</Filter>
    </ClCompile>
    <ClCompile Include="100_OneOpndOverloading.cpp">
      <Filter>소스 파일</Filter>
    </ClCompile>
    <ClCompile Include="101_PostOpndOverloading.cpp">
      <Filter>소스 파일</Filter>
    </ClCompile>
    <ClCompile Include="102_PointMultipleOperation.cpp">
      <Filter>소스 파일</Filter>
    </ClCompile>
    <ClCompile Include="103_CommuMultipleOperation.cpp">
      <Filter>소스 파일</Filter>
    </ClCompile>
    <ClCompile Include="104_ConsoleOutput.cpp">
      <Filter>소스 파일</Filter>
    </ClCompile>
    <ClCompile Include="105_IterateConsoleOutput.cpp">
      <Filter>소스 파일</Filter>
    </ClCompile>
    <ClCompile Include="106_FuncPointer.cpp">
      <Filter>소스 파일</Filter>
    </ClCompile>
    <ClCompile Include="107_PointConsoleOutput.cpp">
      <Filter>소스 파일</Filter>
    </ClCompile>
    <ClCompile Include="108_FuncC.cpp">
      <Filter>소스 파일</Filter>
    </ClCompile>
    <ClCompile Include="109_FuncC.cpp">
      <Filter>소스 파일</Filter>
    </ClCompile>
    <ClCompile Include="110_STDString.cpp">
      <Filter>소스 파일</Filter>
    </ClCompile>
    <ClCompile Include="111_StringClass.cpp">
      <Filter>소스 파일</Filter>
    </ClCompile>
    <ClCompile Include="112_AddFunctionTemplate.cpp">
      <Filter>소스 파일</Filter>
    </ClCompile>
    <ClCompile Include="113_TwoTypeAddFunction.cpp">
      <Filter>소스 파일</Filter>
    </ClCompile>
    <ClCompile Include="114_PrimitiveFunctionTemplate.cpp">
      <Filter>소스 파일</Filter>
    </ClCompile>
    <ClCompile Include="115_NeedSpecialFunctionTemplate.cpp">
      <Filter>소스 파일</Filter>
    </ClCompile>
    <ClCompile Include="116_PointClassTemplate.cpp">
      <Filter>소스 파일</Filter>
    </ClCompile>
    <ClCompile Include="117_ClassTemplateSpecialization.cpp">
      <Filter>소스 파일</Filter>
    </ClCompile>
    <ClCompile Include="118_main.cpp">
      <Filter>소스 파일</Filter>
    </ClCompile>
    <ClCompile Include="119_ClassTemplateTest.cpp">
      <Filter>소스 파일</Filter>
    </ClCompile>
    <ClCompile Include="Calculator_string.cpp">
      <Filter>소스 파일</Filter>
    </ClCompile>
    <ClCompile Include="CalculatorTutorial_string.cpp">
      <Filter>소스 파일</Filter>
    </ClCompile>
  </ItemGroup>
  <ItemGroup>
    <ClInclude Include="Calculator_string.h">
      <Filter>소스 파일</Filter>
    </ClInclude>
  </ItemGroup>
</Project>